schema: '2.0'
stages:
  profile_data:
    cmd: uv run python -m scripts.data_profiling
    deps:
    - path: data/raw/
      hash: md5
      md5: 7f0f259407d24e06208de6b7188309b7.dir
      size: 42020431
      nfiles: 11
    - path: scripts/data_profiling.py
      hash: md5
      md5: 98d7696b01cbc29f704036003f62dea4
      size: 12608
    - path: scripts/utils.py
      hash: md5
      md5: 15be60576a66bd1f1620fd54087dc919
      size: 1101
    outs:
    - path: outputs/data_quality_report.md
      hash: md5
      md5: a3553c36ed3eced6f16c33234fc17502
      size: 4043
  clean_data:
    cmd: uv run python -m scripts.data_cleaning
    deps:
    - path: data/raw/
      hash: md5
      md5: 7f0f259407d24e06208de6b7188309b7.dir
      size: 42020431
      nfiles: 11
    - path: scripts/data_cleaning.py
      hash: md5
      md5: 0907de1797bf27637f193b3e49dd0ab1
      size: 8771
    - path: scripts/utils.py
      hash: md5
      md5: 15be60576a66bd1f1620fd54087dc919
      size: 1101
    outs:
    - path: outputs/cleaned_summary.csv
      hash: md5
      md5: 375880a5ff1b6bd0ff5600a90340e0a6
      size: 15710387
    - path: outputs/customer_master.csv
      hash: md5
      md5: b1001259cdccb47a76ed69b3b54501a2
      size: 22480213
    - path: outputs/nps_responses.csv
      hash: md5
      md5: b2b4aff856a4c92dbb283501c6daf2a9
      size: 769968
  engineer_features:
    cmd: uv run python -m scripts.feature_engineering
    deps:
    - path: outputs/cleaned_summary.csv
      hash: md5
      md5: 375880a5ff1b6bd0ff5600a90340e0a6
      size: 15710387
    - path: scripts/data_cleaning.py
      hash: md5
      md5: 0907de1797bf27637f193b3e49dd0ab1
      size: 8771
    - path: scripts/feature_engineering.py
      hash: md5
      md5: 15c68c849c56a5fdb721bf81ceee5b58
      size: 7239
    - path: scripts/utils.py
      hash: md5
      md5: 15be60576a66bd1f1620fd54087dc919
      size: 1101
    outs:
    - path: outputs/credit_enriched.csv
      hash: md5
      md5: 1370d645fe93ff86130fcc94d441323d
      size: 21957528
  check_quality:
    cmd: DQ_WEBHOOK_URL="" uv run python -m scripts.quality_checks
    deps:
    - path: outputs/credit_enriched.csv
      hash: md5
      md5: 1370d645fe93ff86130fcc94d441323d
      size: 21957528
    - path: scripts/quality_checks.py
      hash: md5
      md5: 06dca2ec2efdc04ce0746c4b15db09dc
      size: 20752
    outs:
    - path: outputs/dq_check_results.json
      hash: md5
      md5: 820b77a333cee6428d525af131126285
      size: 2203
  analyze:
    cmd: uv run python -m scripts.analysis
    deps:
    - path: outputs/credit_enriched.csv
      hash: md5
      md5: 1370d645fe93ff86130fcc94d441323d
      size: 21957528
    - path: scripts/analysis.py
      hash: md5
      md5: f5feeaf04a64614eb95298dfbb30c1bb
      size: 15965
    outs:
    - path: outputs/plots/
      hash: md5
      md5: 702daeb153ca18d70c8d4e05b598c56e.dir
      size: 378144
      nfiles: 6
    - path: outputs/portfolio_metrics.csv
      hash: md5
      md5: d901cc2210601de7d8c58d0720217f7a
      size: 714
  load_to_db:
    cmd: uv run python -m scripts.load_to_db
    deps:
    - path: outputs/credit_enriched.csv
      hash: md5
      md5: 1370d645fe93ff86130fcc94d441323d
      size: 21957528
    - path: outputs/customer_master.csv
      hash: md5
      md5: b1001259cdccb47a76ed69b3b54501a2
      size: 22480213
    - path: outputs/nps_responses.csv
      hash: md5
      md5: b2b4aff856a4c92dbb283501c6daf2a9
      size: 769968
    - path: scripts/load_to_db.py
      hash: md5
      md5: bc427dc61be2c294a6660516a9cc1642
      size: 4992
    outs:
    - path: outputs/.db_loaded
      hash: md5
      md5: d41d8cd98f00b204e9800998ecf8427e
      size: 0
